
Microsoft Visual Studio Solution File, Format Version 12.00
# Visual Studio Version 16
VisualStudioVersion = 16.0.31702.278
MinimumVisualStudioVersion = 10.0.40219.1
Project("{FAE04EC0-301F-11D3-BF4B-00C04F79EFBC}") = "FlaskeAutomaten-H2", "FlaskeAutomaten-H2\FlaskeAutomaten-H2.csproj", "{55CCE4E0-BCE7-4D29-ADE3-8FBFA35449D9}"
EndProject
Global
	GlobalSection(SolutionConfigurationPlatforms) = preSolution
		Debug|Any CPU = Debug|Any CPU
		Release|Any CPU = Release|Any CPU
	EndGlobalSection
	GlobalSection(ProjectConfigurationPlatforms) = postSolution
		{55CCE4E0-BCE7-4D29-ADE3-8FBFA35449D9}.Debug|Any CPU.ActiveCfg = Debug|Any CPU
		{55CCE4E0-BCE7-4D29-ADE3-8FBFA35449D9}.Debug|Any CPU.Build.0 = Debug|Any CPU
		{55CCE4E0-BCE7-4D29-ADE3-8FBFA35449D9}.Release|Any CPU.ActiveCfg = Release|Any CPU
		{55CCE4E0-BCE7-4D29-ADE3-8FBFA35449D9}.Release|Any CPU.Build.0 = Release|Any CPU
	EndGlobalSection
	GlobalSection(SolutionProperties) = preSolution
		HideSolutionNode = FALSE
	EndGlobalSection
	GlobalSection(ExtensibilityGlobals) = postSolution
		SolutionGuid = {37479C0A-3587-4528-9B43-8F8AC83D0638}
	EndGlobalSection
EndGlobal
